
Microsoft Visual Studio Solution File, Format Version 12.00
# Visual Studio 15
VisualStudioVersion = 15.0.26124.0
MinimumVisualStudioVersion = 15.0.26124.0
Project("{FAE04EC0-301F-11D3-BF4B-00C04F79EFBC}") = "tlk_core", "MainProgram\tlk_core.csproj", "{ED8D92F0-30EB-4CC5-91B8-B8EDC7131C63}"
EndProject
Project("{FAE04EC0-301F-11D3-BF4B-00C04F79EFBC}") = "Functions", "Functions\Functions.csproj", "{366BC796-F240-4454-8E5E-E0D4CB1EFC56}"
EndProject
Global
	GlobalSection(SolutionConfigurationPlatforms) = preSolution
		Debug|Any CPU = Debug|Any CPU
		Debug|x64 = Debug|x64
		Debug|x86 = Debug|x86
		Release|Any CPU = Release|Any CPU
		Release|x64 = Release|x64
		Release|x86 = Release|x86
	EndGlobalSection
	GlobalSection(SolutionProperties) = preSolution
		HideSolutionNode = FALSE
	EndGlobalSection
	GlobalSection(ProjectConfigurationPlatforms) = postSolution
		{ED8D92F0-30EB-4CC5-91B8-B8EDC7131C63}.Debug|Any CPU.ActiveCfg = Debug|Any CPU
		{ED8D92F0-30EB-4CC5-91B8-B8EDC7131C63}.Debug|Any CPU.Build.0 = Debug|Any CPU
		{ED8D92F0-30EB-4CC5-91B8-B8EDC7131C63}.Debug|x64.ActiveCfg = Debug|Any CPU
		{ED8D92F0-30EB-4CC5-91B8-B8EDC7131C63}.Debug|x64.Build.0 = Debug|Any CPU
		{ED8D92F0-30EB-4CC5-91B8-B8EDC7131C63}.Debug|x86.ActiveCfg = Debug|Any CPU
		{ED8D92F0-30EB-4CC5-91B8-B8EDC7131C63}.Debug|x86.Build.0 = Debug|Any CPU
		{ED8D92F0-30EB-4CC5-91B8-B8EDC7131C63}.Release|Any CPU.ActiveCfg = Release|Any CPU
		{ED8D92F0-30EB-4CC5-91B8-B8EDC7131C63}.Release|Any CPU.Build.0 = Release|Any CPU
		{ED8D92F0-30EB-4CC5-91B8-B8EDC7131C63}.Release|x64.ActiveCfg = Release|Any CPU
		{ED8D92F0-30EB-4CC5-91B8-B8EDC7131C63}.Release|x64.Build.0 = Release|Any CPU
		{ED8D92F0-30EB-4CC5-91B8-B8EDC7131C63}.Release|x86.ActiveCfg = Release|Any CPU
		{ED8D92F0-30EB-4CC5-91B8-B8EDC7131C63}.Release|x86.Build.0 = Release|Any CPU
		{366BC796-F240-4454-8E5E-E0D4CB1EFC56}.Debug|Any CPU.ActiveCfg = Debug|Any CPU
		{366BC796-F240-4454-8E5E-E0D4CB1EFC56}.Debug|Any CPU.Build.0 = Debug|Any CPU
		{366BC796-F240-4454-8E5E-E0D4CB1EFC56}.Debug|x64.ActiveCfg = Debug|Any CPU
		{366BC796-F240-4454-8E5E-E0D4CB1EFC56}.Debug|x64.Build.0 = Debug|Any CPU
		{366BC796-F240-4454-8E5E-E0D4CB1EFC56}.Debug|x86.ActiveCfg = Debug|Any CPU
		{366BC796-F240-4454-8E5E-E0D4CB1EFC56}.Debug|x86.Build.0 = Debug|Any CPU
		{366BC796-F240-4454-8E5E-E0D4CB1EFC56}.Release|Any CPU.ActiveCfg = Release|Any CPU
		{366BC796-F240-4454-8E5E-E0D4CB1EFC56}.Release|Any CPU.Build.0 = Release|Any CPU
		{366BC796-F240-4454-8E5E-E0D4CB1EFC56}.Release|x64.ActiveCfg = Release|Any CPU
		{366BC796-F240-4454-8E5E-E0D4CB1EFC56}.Release|x64.Build.0 = Release|Any CPU
		{366BC796-F240-4454-8E5E-E0D4CB1EFC56}.Release|x86.ActiveCfg = Release|Any CPU
		{366BC796-F240-4454-8E5E-E0D4CB1EFC56}.Release|x86.Build.0 = Release|Any CPU
	EndGlobalSection
EndGlobal
